
Microsoft Visual Studio Solution File, Format Version 12.00
# Visual Studio Version 17
VisualStudioVersion = 17.0.31903.59
MinimumVisualStudioVersion = 10.0.40219.1
Project("{FAE04EC0-301F-11D3-BF4B-00C04F79EFBC}") = "MiniBay.Domain", "MiniBay.Domain\MiniBay.Domain.csproj", "{4032ADE3-BA71-4589-9BCC-39CAD8B2BDA8}"
EndProject
Project("{FAE04EC0-301F-11D3-BF4B-00C04F79EFBC}") = "MiniBay.Application", "MiniBay.Application\MiniBay.Application.csproj", "{A7375B92-1D04-4B43-A27C-FABE4C309A29}"
EndProject
Project("{FAE04EC0-301F-11D3-BF4B-00C04F79EFBC}") = "MiniBay.API", "MiniBay.API\MiniBay.API.csproj", "{0C85E472-B05E-4B52-A0F1-3BEF6A281D2D}"
EndProject
Project("{FAE04EC0-301F-11D3-BF4B-00C04F79EFBC}") = "MiniBay.Client", "MiniBay.Client\MiniBay.Client.csproj", "{4A3DD082-CE2C-438C-8C11-A0985B444CA4}"
EndProject
Project("{FAE04EC0-301F-11D3-BF4B-00C04F79EFBC}") = "MiniBay.Infrastructure", "MiniBay.Infrastructure\MiniBay.Infrastructure.csproj", "{F2EDE9CA-C976-4F37-B2B4-4E76D17936E3}"
EndProject
Project("{FAE04EC0-301F-11D3-BF4B-00C04F79EFBC}") = "MiniBay.Shared", "MiniBay.Shared\MiniBay.Shared.csproj", "{62DE76AC-2665-4B73-8CA2-115F5425E20E}"
EndProject
Global
	GlobalSection(SolutionConfigurationPlatforms) = preSolution
		Debug|Any CPU = Debug|Any CPU
		Debug|x64 = Debug|x64
		Debug|x86 = Debug|x86
		Release|Any CPU = Release|Any CPU
		Release|x64 = Release|x64
		Release|x86 = Release|x86
	EndGlobalSection
	GlobalSection(ProjectConfigurationPlatforms) = postSolution
		{4032ADE3-BA71-4589-9BCC-39CAD8B2BDA8}.Debug|Any CPU.ActiveCfg = Debug|Any CPU
		{4032ADE3-BA71-4589-9BCC-39CAD8B2BDA8}.Debug|Any CPU.Build.0 = Debug|Any CPU
		{4032ADE3-BA71-4589-9BCC-39CAD8B2BDA8}.Debug|x64.ActiveCfg = Debug|Any CPU
		{4032ADE3-BA71-4589-9BCC-39CAD8B2BDA8}.Debug|x64.Build.0 = Debug|Any CPU
		{4032ADE3-BA71-4589-9BCC-39CAD8B2BDA8}.Debug|x86.ActiveCfg = Debug|Any CPU
		{4032ADE3-BA71-4589-9BCC-39CAD8B2BDA8}.Debug|x86.Build.0 = Debug|Any CPU
		{4032ADE3-BA71-4589-9BCC-39CAD8B2BDA8}.Release|Any CPU.ActiveCfg = Release|Any CPU
		{4032ADE3-BA71-4589-9BCC-39CAD8B2BDA8}.Release|Any CPU.Build.0 = Release|Any CPU
		{4032ADE3-BA71-4589-9BCC-39CAD8B2BDA8}.Release|x64.ActiveCfg = Release|Any CPU
		{4032ADE3-BA71-4589-9BCC-39CAD8B2BDA8}.Release|x64.Build.0 = Release|Any CPU
		{4032ADE3-BA71-4589-9BCC-39CAD8B2BDA8}.Release|x86.ActiveCfg = Release|Any CPU
		{4032ADE3-BA71-4589-9BCC-39CAD8B2BDA8}.Release|x86.Build.0 = Release|Any CPU
		{A7375B92-1D04-4B43-A27C-FABE4C309A29}.Debug|Any CPU.ActiveCfg = Debug|Any CPU
		{A7375B92-1D04-4B43-A27C-FABE4C309A29}.Debug|Any CPU.Build.0 = Debug|Any CPU
		{A7375B92-1D04-4B43-A27C-FABE4C309A29}.Debug|x64.ActiveCfg = Debug|Any CPU
		{A7375B92-1D04-4B43-A27C-FABE4C309A29}.Debug|x64.Build.0 = Debug|Any CPU
		{A7375B92-1D04-4B43-A27C-FABE4C309A29}.Debug|x86.ActiveCfg = Debug|Any CPU
		{A7375B92-1D04-4B43-A27C-FABE4C309A29}.Debug|x86.Build.0 = Debug|Any CPU
		{A7375B92-1D04-4B43-A27C-FABE4C309A29}.Release|Any CPU.ActiveCfg = Release|Any CPU
		{A7375B92-1D04-4B43-A27C-FABE4C309A29}.Release|Any CPU.Build.0 = Release|Any CPU
		{A7375B92-1D04-4B43-A27C-FABE4C309A29}.Release|x64.ActiveCfg = Release|Any CPU
		{A7375B92-1D04-4B43-A27C-FABE4C309A29}.Release|x64.Build.0 = Release|Any CPU
		{A7375B92-1D04-4B43-A27C-FABE4C309A29}.Release|x86.ActiveCfg = Release|Any CPU
		{A7375B92-1D04-4B43-A27C-FABE4C309A29}.Release|x86.Build.0 = Release|Any CPU
		{0C85E472-B05E-4B52-A0F1-3BEF6A281D2D}.Debug|Any CPU.ActiveCfg = Debug|Any CPU
		{0C85E472-B05E-4B52-A0F1-3BEF6A281D2D}.Debug|Any CPU.Build.0 = Debug|Any CPU
		{0C85E472-B05E-4B52-A0F1-3BEF6A281D2D}.Debug|x64.ActiveCfg = Debug|Any CPU
		{0C85E472-B05E-4B52-A0F1-3BEF6A281D2D}.Debug|x64.Build.0 = Debug|Any CPU
		{0C85E472-B05E-4B52-A0F1-3BEF6A281D2D}.Debug|x86.ActiveCfg = Debug|Any CPU
		{0C85E472-B05E-4B52-A0F1-3BEF6A281D2D}.Debug|x86.Build.0 = Debug|Any CPU
		{0C85E472-B05E-4B52-A0F1-3BEF6A281D2D}.Release|Any CPU.ActiveCfg = Release|Any CPU
		{0C85E472-B05E-4B52-A0F1-3BEF6A281D2D}.Release|Any CPU.Build.0 = Release|Any CPU
		{0C85E472-B05E-4B52-A0F1-3BEF6A281D2D}.Release|x64.ActiveCfg = Release|Any CPU
		{0C85E472-B05E-4B52-A0F1-3BEF6A281D2D}.Release|x64.Build.0 = Release|Any CPU
		{0C85E472-B05E-4B52-A0F1-3BEF6A281D2D}.Release|x86.ActiveCfg = Release|Any CPU
		{0C85E472-B05E-4B52-A0F1-3BEF6A281D2D}.Release|x86.Build.0 = Release|Any CPU
		{4A3DD082-CE2C-438C-8C11-A0985B444CA4}.Debug|Any CPU.ActiveCfg = Debug|Any CPU
		{4A3DD082-CE2C-438C-8C11-A0985B444CA4}.Debug|Any CPU.Build.0 = Debug|Any CPU
		{4A3DD082-CE2C-438C-8C11-A0985B444CA4}.Debug|x64.ActiveCfg = Debug|Any CPU
		{4A3DD082-CE2C-438C-8C11-A0985B444CA4}.Debug|x64.Build.0 = Debug|Any CPU
		{4A3DD082-CE2C-438C-8C11-A0985B444CA4}.Debug|x86.ActiveCfg = Debug|Any CPU
		{4A3DD082-CE2C-438C-8C11-A0985B444CA4}.Debug|x86.Build.0 = Debug|Any CPU
		{4A3DD082-CE2C-438C-8C11-A0985B444CA4}.Release|Any CPU.ActiveCfg = Release|Any CPU
		{4A3DD082-CE2C-438C-8C11-A0985B444CA4}.Release|Any CPU.Build.0 = Release|Any CPU
		{4A3DD082-CE2C-438C-8C11-A0985B444CA4}.Release|x64.ActiveCfg = Release|Any CPU
		{4A3DD082-CE2C-438C-8C11-A0985B444CA4}.Release|x64.Build.0 = Release|Any CPU
		{4A3DD082-CE2C-438C-8C11-A0985B444CA4}.Release|x86.ActiveCfg = Release|Any CPU
		{4A3DD082-CE2C-438C-8C11-A0985B444CA4}.Release|x86.Build.0 = Release|Any CPU
		{F2EDE9CA-C976-4F37-B2B4-4E76D17936E3}.Debug|Any CPU.ActiveCfg = Debug|Any CPU
		{F2EDE9CA-C976-4F37-B2B4-4E76D17936E3}.Debug|Any CPU.Build.0 = Debug|Any CPU
		{F2EDE9CA-C976-4F37-B2B4-4E76D17936E3}.Debug|x64.ActiveCfg = Debug|Any CPU
		{F2EDE9CA-C976-4F37-B2B4-4E76D17936E3}.Debug|x64.Build.0 = Debug|Any CPU
		{F2EDE9CA-C976-4F37-B2B4-4E76D17936E3}.Debug|x86.ActiveCfg = Debug|Any CPU
		{F2EDE9CA-C976-4F37-B2B4-4E76D17936E3}.Debug|x86.Build.0 = Debug|Any CPU
		{F2EDE9CA-C976-4F37-B2B4-4E76D17936E3}.Release|Any CPU.ActiveCfg = Release|Any CPU
		{F2EDE9CA-C976-4F37-B2B4-4E76D17936E3}.Release|Any CPU.Build.0 = Release|Any CPU
		{F2EDE9CA-C976-4F37-B2B4-4E76D17936E3}.Release|x64.ActiveCfg = Release|Any CPU
		{F2EDE9CA-C976-4F37-B2B4-4E76D17936E3}.Release|x64.Build.0 = Release|Any CPU
		{F2EDE9CA-C976-4F37-B2B4-4E76D17936E3}.Release|x86.ActiveCfg = Release|Any CPU
		{F2EDE9CA-C976-4F37-B2B4-4E76D17936E3}.Release|x86.Build.0 = Release|Any CPU
		{62DE76AC-2665-4B73-8CA2-115F5425E20E}.Debug|Any CPU.ActiveCfg = Debug|Any CPU
		{62DE76AC-2665-4B73-8CA2-115F5425E20E}.Debug|Any CPU.Build.0 = Debug|Any CPU
		{62DE76AC-2665-4B73-8CA2-115F5425E20E}.Debug|x64.ActiveCfg = Debug|Any CPU
		{62DE76AC-2665-4B73-8CA2-115F5425E20E}.Debug|x64.Build.0 = Debug|Any CPU
		{62DE76AC-2665-4B73-8CA2-115F5425E20E}.Debug|x86.ActiveCfg = Debug|Any CPU
		{62DE76AC-2665-4B73-8CA2-115F5425E20E}.Debug|x86.Build.0 = Debug|Any CPU
		{62DE76AC-2665-4B73-8CA2-115F5425E20E}.Release|Any CPU.ActiveCfg = Release|Any CPU
		{62DE76AC-2665-4B73-8CA2-115F5425E20E}.Release|Any CPU.Build.0 = Release|Any CPU
		{62DE76AC-2665-4B73-8CA2-115F5425E20E}.Release|x64.ActiveCfg = Release|Any CPU
		{62DE76AC-2665-4B73-8CA2-115F5425E20E}.Release|x64.Build.0 = Release|Any CPU
		{62DE76AC-2665-4B73-8CA2-115F5425E20E}.Release|x86.ActiveCfg = Release|Any CPU
		{62DE76AC-2665-4B73-8CA2-115F5425E20E}.Release|x86.Build.0 = Release|Any CPU
	EndGlobalSection
	GlobalSection(SolutionProperties) = preSolution
		HideSolutionNode = FALSE
	EndGlobalSection
EndGlobal
